// !$*UTF8*$!
{
	archiveVersion = 1;
	classes = {
	};
	objectVersion = 50;
	objects = {

/* Begin PBXBuildFile section */
		3246E171260B4EC900077687 /* Main.storyboard in Resources */ = {isa = PBXBuildFile; fileRef = 3246E170260B4EC900077687 /* Main.storyboard */; };
		32BA9211250FE6390092A798 /* AppDelegate.swift in Sources */ = {isa = PBXBuildFile; fileRef = 32BA9210250FE6390092A798 /* AppDelegate.swift */; };
		32BA9213250FE6390092A798 /* SceneDelegate.swift in Sources */ = {isa = PBXBuildFile; fileRef = 32BA9212250FE6390092A798 /* SceneDelegate.swift */; };
		32BA921D250FE63B0092A798 /* LaunchScreen.storyboard in Resources */ = {isa = PBXBuildFile; fileRef = 32BA921B250FE63B0092A798 /* LaunchScreen.storyboard */; };
		32BA9228250FE7000092A798 /* WeatherManager.swift in Sources */ = {isa = PBXBuildFile; fileRef = 32BA9227250FE7000092A798 /* WeatherManager.swift */; };
		32BA922A250FE7100092A798 /* WeatherData.swift in Sources */ = {isa = PBXBuildFile; fileRef = 32BA9229250FE7100092A798 /* WeatherData.swift */; };
		32BA922C250FE71F0092A798 /* WeatherModel.swift in Sources */ = {isa = PBXBuildFile; fileRef = 32BA922B250FE71F0092A798 /* WeatherModel.swift */; };
		32BA922E250FE74E0092A798 /* WeatherViewController.swift in Sources */ = {isa = PBXBuildFile; fileRef = 32BA922D250FE74E0092A798 /* WeatherViewController.swift */; };
		32BA9230250FE8390092A798 /* Assets.xcassets in Resources */ = {isa = PBXBuildFile; fileRef = 32BA922F250FE8390092A798 /* Assets.xcassets */; };
/* End PBXBuildFile section */

/* Begin PBXFileReference section */
		3246E170260B4EC900077687 /* Main.storyboard */ = {isa = PBXFileReference; fileEncoding = 4; lastKnownFileType = file.storyboard; name = Main.storyboard; path = ../../../Main.storyboard; sourceTree = "<group>"; };
		32BA920D250FE6390092A798 /* WeatherApp.app */ = {isa = PBXFileReference; explicitFileType = wrapper.application; includeInIndex = 0; path = WeatherApp.app; sourceTree = BUILT_PRODUCTS_DIR; };
		32BA9210250FE6390092A798 /* AppDelegate.swift */ = {isa = PBXFileReference; lastKnownFileType = sourcecode.swift; path = AppDelegate.swift; sourceTree = "<group>"; };
		32BA9212250FE6390092A798 /* SceneDelegate.swift */ = {isa = PBXFileReference; lastKnownFileType = sourcecode.swift; path = SceneDelegate.swift; sourceTree = "<group>"; };
		32BA921C250FE63B0092A798 /* Base */ = {isa = PBXFileReference; lastKnownFileType = file.storyboard; name = Base; path = Base.lproj/LaunchScreen.storyboard; sourceTree = "<group>"; };
		32BA921E250FE63B0092A798 /* Info.plist */ = {isa = PBXFileReference; lastKnownFileType = text.plist.xml; path = Info.plist; sourceTree = "<group>"; };
		32BA9227250FE7000092A798 /* WeatherManager.swift */ = {isa = PBXFileReference; lastKnownFileType = sourcecode.swift; path = WeatherManager.swift; sourceTree = "<group>"; };
		32BA9229250FE7100092A798 /* WeatherData.swift */ = {isa = PBXFileReference; lastKnownFileType = sourcecode.swift; path = WeatherData.swift; sourceTree = "<group>"; };
		32BA922B250FE71F0092A798 /* WeatherModel.swift */ = {isa = PBXFileReference; lastKnownFileType = sourcecode.swift; path = WeatherModel.swift; sourceTree = "<group>"; };
		32BA922D250FE74E0092A798 /* WeatherViewController.swift */ = {isa = PBXFileReference; lastKnownFileType = sourcecode.swift; path = WeatherViewController.swift; sourceTree = "<group>"; };
		32BA922F250FE8390092A798 /* Assets.xcassets */ = {isa = PBXFileReference; lastKnownFileType = folder.assetcatalog; name = Assets.xcassets; path = "../../../Downloads/Clima-iOS13-Completed-master/Clima/Assets.xcassets"; sourceTree = "<group>"; };
/* End PBXFileReference section */

/* Begin PBXFrameworksBuildPhase section */
		32BA920A250FE6390092A798 /* Frameworks */ = {
			isa = PBXFrameworksBuildPhase;
			buildActionMask = 2147483647;
			files = (
			);
			runOnlyForDeploymentPostprocessing = 0;
		};
/* End PBXFrameworksBuildPhase section */

/* Begin PBXGroup section */
		32BA9204250FE6390092A798 = {
			isa = PBXGroup;
			children = (
				32BA920F250FE6390092A798 /* WeatherApp */,
				32BA920E250FE6390092A798 /* Products */,
			);
			sourceTree = "<group>";
		};
		32BA920E250FE6390092A798 /* Products */ = {
			isa = PBXGroup;
			children = (
				32BA920D250FE6390092A798 /* WeatherApp.app */,
			);
			name = Products;
			sourceTree = "<group>";
		};
		32BA920F250FE6390092A798 /* WeatherApp */ = {
			isa = PBXGroup;
			children = (
				32BA9210250FE6390092A798 /* AppDelegate.swift */,
				32BA9212250FE6390092A798 /* SceneDelegate.swift */,
				32BA9224250FE6A60092A798 /* Model */,
				32BA9225250FE6B10092A798 /* View */,
				32BA9226250FE6B60092A798 /* Controller */,
				32BA922F250FE8390092A798 /* Assets.xcassets */,
				32BA921B250FE63B0092A798 /* LaunchScreen.storyboard */,
				32BA921E250FE63B0092A798 /* Info.plist */,
			);
			path = WeatherApp;
			sourceTree = "<group>";
		};
		32BA9224250FE6A60092A798 /* Model */ = {
			isa = PBXGroup;
			children = (
				32BA9227250FE7000092A798 /* WeatherManager.swift */,
				32BA9229250FE7100092A798 /* WeatherData.swift */,
				32BA922B250FE71F0092A798 /* WeatherModel.swift */,
			);
			path = Model;
			sourceTree = "<group>";
		};
		32BA9225250FE6B10092A798 /* View */ = {
			isa = PBXGroup;
			children = (
				3246E170260B4EC900077687 /* Main.storyboard */,
			);
			path = View;
			sourceTree = "<group>";
		};
		32BA9226250FE6B60092A798 /* Controller */ = {
			isa = PBXGroup;
			children = (
				32BA922D250FE74E0092A798 /* WeatherViewController.swift */,
			);
			path = Controller;
			sourceTree = "<group>";
		};
/* End PBXGroup section */

/* Begin PBXNativeTarget section */
		32BA920C250FE6390092A798 /* WeatherApp */ = {
			isa = PBXNativeTarget;
			buildConfigurationList = 32BA9221250FE63B0092A798 /* Build configuration list for PBXNativeTarget "WeatherApp" */;
			buildPhases = (
				32BA9209250FE6390092A798 /* Sources */,
				32BA920A250FE6390092A798 /* Frameworks */,
				32BA920B250FE6390092A798 /* Resources */,
			);
			buildRules = (
			);
			dependencies = (
			);
			name = WeatherApp;
			productName = WeatherApp;
			productReference = 32BA920D250FE6390092A798 /* WeatherApp.app */;
			productType = "com.apple.product-type.application";
		};
/* End PBXNativeTarget section */

/* Begin PBXProject section */
		32BA9205250FE6390092A798 /* Project object */ = {
			isa = PBXProject;
			attributes = {
				LastSwiftUpdateCheck = 1170;
				LastUpgradeCheck = 1240;
				ORGANIZATIONNAME = "Ilija Partalov";
				TargetAttributes = {
					32BA920C250FE6390092A798 = {
						CreatedOnToolsVersion = 11.7;
					};
				};
			};
			buildConfigurationList = 32BA9208250FE6390092A798 /* Build configuration list for PBXProject "WeatherApp" */;
			compatibilityVersion = "Xcode 9.3";
			developmentRegion = en;
			hasScannedForEncodings = 0;
			knownRegions = (
				en,
				Base,
			);
			mainGroup = 32BA9204250FE6390092A798;
			productRefGroup = 32BA920E250FE6390092A798 /* Products */;
			projectDirPath = "";
			projectRoot = "";
			targets = (
				32BA920C250FE6390092A798 /* WeatherApp */,
			);
		};
/* End PBXProject section */

/* Begin PBXResourcesBuildPhase section */
		32BA920B250FE6390092A798 /* Resources */ = {
			isa = PBXResourcesBuildPhase;
			buildActionMask = 2147483647;
			files = (
				32BA921D250FE63B0092A798 /* LaunchScreen.storyboard in Resources */,
				32BA9230250FE8390092A798 /* Assets.xcassets in Resources */,
				3246E171260B4EC900077687 /* Main.storyboard in Resources */,
			);
			runOnlyForDeploymentPostprocessing = 0;
		};
/* End PBXResourcesBuildPhase section */

/* Begin PBXSourcesBuildPhase section */
		32BA9209250FE6390092A798 /* Sources */ = {
			isa = PBXSourcesBuildPhase;
			buildActionMask = 2147483647;
			files = (
				32BA922A250FE7100092A798 /* WeatherData.swift in Sources */,
				32BA9211250FE6390092A798 /* AppDelegate.swift in Sources */,
				32BA9228250FE7000092A798 /* WeatherManager.swift in Sources */,
				32BA922E250FE74E0092A798 /* WeatherViewController.swift in Sources */,
				32BA922C250FE71F0092A798 /* WeatherModel.swift in Sources */,
				32BA9213250FE6390092A798 /* SceneDelegate.swift in Sources */,
			);
			runOnlyForDeploymentPostprocessing = 0;
		};
/* End PBXSourcesBuildPhase section */

/* Begin PBXVariantGroup section */
		32BA921B250FE63B0092A798 /* LaunchScreen.storyboard */ = {
			isa = PBXVariantGroup;
			children = (
				32BA921C250FE63B0092A798 /* Base */,
			);
			name = LaunchScreen.storyboard;
			sourceTree = "<group>";
		};
/* End PBXVariantGroup section */

/* Begin XCBuildConfiguration section */
		32BA921F250FE63B0092A798 /* Debug */ = {
			isa = XCBuildConfiguration;
			buildSettings = {
				ALWAYS_SEARCH_USER_PATHS = NO;
				CLANG_ANALYZER_NONNULL = YES;
				CLANG_ANALYZER_NUMBER_OBJECT_CONVERSION = YES_AGGRESSIVE;
				CLANG_CXX_LANGUAGE_STANDARD = "gnu++14";
				CLANG_CXX_LIBRARY = "libc++";
				CLANG_ENABLE_MODULES = YES;
				CLANG_ENABLE_OBJC_ARC = YES;
				CLANG_ENABLE_OBJC_WEAK = YES;
				CLANG_WARN_BLOCK_CAPTURE_AUTORELEASING = YES;
				CLANG_WARN_BOOL_CONVERSION = YES;
				CLANG_WARN_COMMA = YES;
				CLANG_WARN_CONSTANT_CONVERSION = YES;
				CLANG_WARN_DEPRECATED_OBJC_IMPLEMENTATIONS = YES;
				CLANG_WARN_DIRECT_OBJC_ISA_USAGE = YES_ERROR;
				CLANG_WARN_DOCUMENTATION_COMMENTS = YES;
				CLANG_WARN_EMPTY_BODY = YES;
				CLANG_WARN_ENUM_CONVERSION = YES;
				CLANG_WARN_INFINITE_RECURSION = YES;
				CLANG_WARN_INT_CONVERSION = YES;
				CLANG_WARN_NON_LITERAL_NULL_CONVERSION = YES;
				CLANG_WARN_OBJC_IMPLICIT_RETAIN_SELF = YES;
				CLANG_WARN_OBJC_LITERAL_CONVERSION = YES;
				CLANG_WARN_OBJC_ROOT_CLASS = YES_ERROR;
				CLANG_WARN_QUOTED_INCLUDE_IN_FRAMEWORK_HEADER = YES;
				CLANG_WARN_RANGE_LOOP_ANALYSIS = YES;
				CLANG_WARN_STRICT_PROTOTYPES = YES;
				CLANG_WARN_SUSPICIOUS_MOVE = YES;
				CLANG_WARN_UNGUARDED_AVAILABILITY = YES_AGGRESSIVE;
				CLANG_WARN_UNREACHABLE_CODE = YES;
				CLANG_WARN__DUPLICATE_METHOD_MATCH = YES;
				COPY_PHASE_STRIP = NO;
				DEBUG_INFORMATION_FORMAT = dwarf;
				ENABLE_STRICT_OBJC_MSGSEND = YES;
				ENABLE_TESTABILITY = YES;
				GCC_C_LANGUAGE_STANDARD = gnu11;
				GCC_DYNAMIC_NO_PIC = NO;
				GCC_NO_COMMON_BLOCKS = YES;
				GCC_OPTIMIZATION_LEVEL = 0;
				GCC_PREPROCESSOR_DEFINITIONS = (
					"DEBUG=1",
					"$(inherited)",
				);
				GCC_WARN_64_TO_32_BIT_CONVERSION = YES;
				GCC_WARN_ABOUT_RETURN_TYPE = YES_ERROR;
				GCC_WARN_UNDECLARED_SELECTOR = YES;
				GCC_WARN_UNINITIALIZED_AUTOS = YES_AGGRESSIVE;
				GCC_WARN_UNUSED_FUNCTION = YES;
				GCC_WARN_UNUSED_VARIABLE = YES;
				IPHONEOS_DEPLOYMENT_TARGET = 13.7;
				MTL_ENABLE_DEBUG_INFO = INCLUDE_SOURCE;
				MTL_FAST_MATH = YES;
				ONLY_ACTIVE_ARCH = YES;
				SDKROOT = iphoneos;
				SWIFT_ACTIVE_COMPILATION_CONDITIONS = DEBUG;
				SWIFT_OPTIMIZATION_LEVEL = "-Onone";
			};
			name = Debug;
		};
		32BA9220250FE63B0092A798 /* Release */ = {
			isa = XCBuildConfiguration;
			buildSettings = {
				ALWAYS_SEARCH_USER_PATHS = NO;
				CLANG_ANALYZER_NONNULL = YES;
				CLANG_ANALYZER_NUMBER_OBJECT_CONVERSION = YES_AGGRESSIVE;
				CLANG_CXX_LANGUAGE_STANDARD = "gnu++14";
				CLANG_CXX_LIBRARY = "libc++";
				CLANG_ENABLE_MODULES = YES;
				CLANG_ENABLE_OBJC_ARC = YES;
				CLANG_ENABLE_OBJC_WEAK = YES;
				CLANG_WARN_BLOCK_CAPTURE_AUTORELEASING = YES;
				CLANG_WARN_BOOL_CONVERSION = YES;
				CLANG_WARN_COMMA = YES;
				CLANG_WARN_CONSTANT_CONVERSION = YES;
				CLANG_WARN_DEPRECATED_OBJC_IMPLEMENTATIONS = YES;
				CLANG_WARN_DIRECT_OBJC_ISA_USAGE = YES_ERROR;
				CLANG_WARN_DOCUMENTATION_COMMENTS = YES;
				CLANG_WARN_EMPTY_BODY = YES;
				CLANG_WARN_ENUM_CONVERSION = YES;
				CLANG_WARN_INFINITE_RECURSION = YES;
				CLANG_WARN_INT_CONVERSION = YES;
				CLANG_WARN_NON_LITERAL_NULL_CONVERSION = YES;
				CLANG_WARN_OBJC_IMPLICIT_RETAIN_SELF = YES;
				CLANG_WARN_OBJC_LITERAL_CONVERSION = YES;
				CLANG_WARN_OBJC_ROOT_CLASS = YES_ERROR;
				CLANG_WARN_QUOTED_INCLUDE_IN_FRAMEWORK_HEADER = YES;
				CLANG_WARN_RANGE_LOOP_ANALYSIS = YES;
				CLANG_WARN_STRICT_PROTOTYPES = YES;
				CLANG_WARN_SUSPICIOUS_MOVE = YES;
				CLANG_WARN_UNGUARDED_AVAILABILITY = YES_AGGRESSIVE;
				CLANG_WARN_UNREACHABLE_CODE = YES;
				CLANG_WARN__DUPLICATE_METHOD_MATCH = YES;
				COPY_PHASE_STRIP = NO;
				DEBUG_INFORMATION_FORMAT = "dwarf-with-dsym";
				ENABLE_NS_ASSERTIONS = NO;
				ENABLE_STRICT_OBJC_MSGSEND = YES;
				GCC_C_LANGUAGE_STANDARD = gnu11;
				GCC_NO_COMMON_BLOCKS = YES;
				GCC_WARN_64_TO_32_BIT_CONVERSION = YES;
				GCC_WARN_ABOUT_RETURN_TYPE = YES_ERROR;
				GCC_WARN_UNDECLARED_SELECTOR = YES;
				GCC_WARN_UNINITIALIZED_AUTOS = YES_AGGRESSIVE;
				GCC_WARN_UNUSED_FUNCTION = YES;
				GCC_WARN_UNUSED_VARIABLE = YES;
				IPHONEOS_DEPLOYMENT_TARGET = 13.7;
				MTL_ENABLE_DEBUG_INFO = NO;
				MTL_FAST_MATH = YES;
				SDKROOT = iphoneos;
				SWIFT_COMPILATION_MODE = wholemodule;
				SWIFT_OPTIMIZATION_LEVEL = "-O";
				VALIDATE_PRODUCT = YES;
			};
			name = Release;
		};
		32BA9222250FE63B0092A798 /* Debug */ = {
			isa = XCBuildConfiguration;
			buildSettings = {
				ASSETCATALOG_COMPILER_APPICON_NAME = AppIcon;
				CODE_SIGN_STYLE = Automatic;
				INFOPLIST_FILE = WeatherApp/Info.plist;
				LD_RUNPATH_SEARCH_PATHS = (
					"$(inherited)",
					"@executable_path/Frameworks",
				);
				PRODUCT_BUNDLE_IDENTIFIER = Ilija.WeatherApp;
				PRODUCT_NAME = "$(TARGET_NAME)";
				SWIFT_VERSION = 5.0;
				TARGETED_DEVICE_FAMILY = "1,2";
			};
			name = Debug;
		};
		32BA9223250FE63B0092A798 /* Release */ = {
			isa = XCBuildConfiguration;
			buildSettings = {
				ASSETCATALOG_COMPILER_APPICON_NAME = AppIcon;
				CODE_SIGN_STYLE = Automatic;
				INFOPLIST_FILE = WeatherApp/Info.plist;
				LD_RUNPATH_SEARCH_PATHS = (
					"$(inherited)",
					"@executable_path/Frameworks",
				);
				PRODUCT_BUNDLE_IDENTIFIER = Ilija.WeatherApp;
				PRODUCT_NAME = "$(TARGET_NAME)";
				SWIFT_VERSION = 5.0;
				TARGETED_DEVICE_FAMILY = "1,2";
			};
			name = Release;
		};
/* End XCBuildConfiguration section */

/* Begin XCConfigurationList section */
		32BA9208250FE6390092A798 /* Build configuration list for PBXProject "WeatherApp" */ = {
			isa = XCConfigurationList;
			buildConfigurations = (
				32BA921F250FE63B0092A798 /* Debug */,
				32BA9220250FE63B0092A798 /* Release */,
			);
			defaultConfigurationIsVisible = 0;
			defaultConfigurationName = Release;
		};
		32BA9221250FE63B0092A798 /* Build configuration list for PBXNativeTarget "WeatherApp" */ = {
			isa = XCConfigurationList;
			buildConfigurations = (
				32BA9222250FE63B0092A798 /* Debug */,
				32BA9223250FE63B0092A798 /* Release */,
			);
			defaultConfigurationIsVisible = 0;
			defaultConfigurationName = Release;
		};
/* End XCConfigurationList section */
	};
	rootObject = 32BA9205250FE6390092A798 /* Project object */;
}
